
Microsoft Visual Studio Solution File, Format Version 12.00
# Visual Studio Version 17
VisualStudioVersion = 17.5.33516.290
MinimumVisualStudioVersion = 10.0.40219.1
Project("{2150E333-8FDC-42A3-9474-1A3956D46DE8}") = "Core", "Core", "{17056C6D-27C6-4405-8249-4EA4F0832036}"
EndProject
Project("{2150E333-8FDC-42A3-9474-1A3956D46DE8}") = "Infrastructure", "Infrastructure", "{6E7D299D-F384-4554-9964-4648D91A90B1}"
EndProject
Project("{2150E333-8FDC-42A3-9474-1A3956D46DE8}") = "Presentation", "Presentation", "{26E7A524-E2E5-4104-B80C-23B1B98D251C}"
EndProject
Project("{2150E333-8FDC-42A3-9474-1A3956D46DE8}") = "Tests", "Tests", "{29FB4D90-4A2F-4A11-AA11-83468172C511}"
EndProject
Project("{FAE04EC0-301F-11D3-BF4B-00C04F79EFBC}") = "Notes.Domain", "Notes.Domain\Notes.Domain.csproj", "{EA63FCE7-7BA3-416A-8A06-004DAFBE2885}"
EndProject
Global
	GlobalSection(SolutionConfigurationPlatforms) = preSolution
		Debug|Any CPU = Debug|Any CPU
		Release|Any CPU = Release|Any CPU
	EndGlobalSection
	GlobalSection(ProjectConfigurationPlatforms) = postSolution
		{EA63FCE7-7BA3-416A-8A06-004DAFBE2885}.Debug|Any CPU.ActiveCfg = Debug|Any CPU
		{EA63FCE7-7BA3-416A-8A06-004DAFBE2885}.Debug|Any CPU.Build.0 = Debug|Any CPU
		{EA63FCE7-7BA3-416A-8A06-004DAFBE2885}.Release|Any CPU.ActiveCfg = Release|Any CPU
		{EA63FCE7-7BA3-416A-8A06-004DAFBE2885}.Release|Any CPU.Build.0 = Release|Any CPU
	EndGlobalSection
	GlobalSection(SolutionProperties) = preSolution
		HideSolutionNode = FALSE
	EndGlobalSection
	GlobalSection(NestedProjects) = preSolution
		{EA63FCE7-7BA3-416A-8A06-004DAFBE2885} = {17056C6D-27C6-4405-8249-4EA4F0832036}
	EndGlobalSection
	GlobalSection(ExtensibilityGlobals) = postSolution
		SolutionGuid = {FB93D1F3-61E7-4895-BB81-645F622BD8DD}
	EndGlobalSection
EndGlobal
